
Microsoft Visual Studio Solution File, Format Version 12.00
Project("{2150E333-8FDC-42A3-9474-1A3956D46DE8}") = "Presentation", "Presentation", "{89679013-7D59-4931-890A-6B14DD7BED57}"
EndProject
Project("{2150E333-8FDC-42A3-9474-1A3956D46DE8}") = "Infrastructure", "Infrastructure", "{98DC86C2-7E69-40C4-B14C-0024F0CE10C2}"
EndProject
Project("{2150E333-8FDC-42A3-9474-1A3956D46DE8}") = "Domain", "Domain", "{83C6CC0C-01C3-4B67-81FA-208EE1D8BD7D}"
EndProject
Project("{2150E333-8FDC-42A3-9474-1A3956D46DE8}") = "src", "src", "{10FAFC18-F07A-413B-93A7-4CFC763C34DC}"
EndProject
Project("{FAE04EC0-301F-11D3-BF4B-00C04F79EFBC}") = "TODO.Domian", "src\TODO.Domian\TODO.Domian.csproj", "{63052044-5FD3-4414-8CB9-C06A91A9C1A5}"
EndProject
Project("{FAE04EC0-301F-11D3-BF4B-00C04F79EFBC}") = "TODO.Infrastucture", "src\TODO.Infrastucture\TODO.Infrastucture.csproj", "{44037068-DFDA-4448-BB68-42E70CADFEB0}"
EndProject
Project("{FAE04EC0-301F-11D3-BF4B-00C04F79EFBC}") = "TODO.Api", "src\TODO.Api\TODO.Api.csproj", "{073A2AC6-AAB7-417C-A9C2-24C14079F914}"
EndProject
Project("{FAE04EC0-301F-11D3-BF4B-00C04F79EFBC}") = "TODO.Application", "src\TODO.Application\TODO.Application.csproj", "{52023D34-A13A-4409-84A1-C02E24A44C79}"
EndProject
Global
	GlobalSection(SolutionConfigurationPlatforms) = preSolution
		Debug|Any CPU = Debug|Any CPU
		Release|Any CPU = Release|Any CPU
	EndGlobalSection
	GlobalSection(ProjectConfigurationPlatforms) = postSolution
		{63052044-5FD3-4414-8CB9-C06A91A9C1A5}.Debug|Any CPU.ActiveCfg = Debug|Any CPU
		{63052044-5FD3-4414-8CB9-C06A91A9C1A5}.Debug|Any CPU.Build.0 = Debug|Any CPU
		{63052044-5FD3-4414-8CB9-C06A91A9C1A5}.Release|Any CPU.ActiveCfg = Release|Any CPU
		{63052044-5FD3-4414-8CB9-C06A91A9C1A5}.Release|Any CPU.Build.0 = Release|Any CPU
		{44037068-DFDA-4448-BB68-42E70CADFEB0}.Debug|Any CPU.ActiveCfg = Debug|Any CPU
		{44037068-DFDA-4448-BB68-42E70CADFEB0}.Debug|Any CPU.Build.0 = Debug|Any CPU
		{44037068-DFDA-4448-BB68-42E70CADFEB0}.Release|Any CPU.ActiveCfg = Release|Any CPU
		{44037068-DFDA-4448-BB68-42E70CADFEB0}.Release|Any CPU.Build.0 = Release|Any CPU
		{073A2AC6-AAB7-417C-A9C2-24C14079F914}.Debug|Any CPU.ActiveCfg = Debug|Any CPU
		{073A2AC6-AAB7-417C-A9C2-24C14079F914}.Debug|Any CPU.Build.0 = Debug|Any CPU
		{073A2AC6-AAB7-417C-A9C2-24C14079F914}.Release|Any CPU.ActiveCfg = Release|Any CPU
		{073A2AC6-AAB7-417C-A9C2-24C14079F914}.Release|Any CPU.Build.0 = Release|Any CPU
		{52023D34-A13A-4409-84A1-C02E24A44C79}.Debug|Any CPU.ActiveCfg = Debug|Any CPU
		{52023D34-A13A-4409-84A1-C02E24A44C79}.Debug|Any CPU.Build.0 = Debug|Any CPU
		{52023D34-A13A-4409-84A1-C02E24A44C79}.Release|Any CPU.ActiveCfg = Release|Any CPU
		{52023D34-A13A-4409-84A1-C02E24A44C79}.Release|Any CPU.Build.0 = Release|Any CPU
	EndGlobalSection
	GlobalSection(NestedProjects) = preSolution
		{83C6CC0C-01C3-4B67-81FA-208EE1D8BD7D} = {10FAFC18-F07A-413B-93A7-4CFC763C34DC}
		{98DC86C2-7E69-40C4-B14C-0024F0CE10C2} = {10FAFC18-F07A-413B-93A7-4CFC763C34DC}
		{89679013-7D59-4931-890A-6B14DD7BED57} = {10FAFC18-F07A-413B-93A7-4CFC763C34DC}
		{63052044-5FD3-4414-8CB9-C06A91A9C1A5} = {83C6CC0C-01C3-4B67-81FA-208EE1D8BD7D}
		{44037068-DFDA-4448-BB68-42E70CADFEB0} = {98DC86C2-7E69-40C4-B14C-0024F0CE10C2}
		{073A2AC6-AAB7-417C-A9C2-24C14079F914} = {89679013-7D59-4931-890A-6B14DD7BED57}
		{52023D34-A13A-4409-84A1-C02E24A44C79} = {83C6CC0C-01C3-4B67-81FA-208EE1D8BD7D}
	EndGlobalSection
EndGlobal
